// !$*UTF8*$!
{
	archiveVersion = 1;
	classes = {
	};
	objectVersion = 48;
	objects = {

/* Begin PBXBuildFile section */
		575F31121FACBA4E005E3DF7 /* AppDelegate.m in Sources */ = {isa = PBXBuildFile; fileRef = 575F31111FACBA4E005E3DF7 /* AppDelegate.m */; };
		575F31151FACBA4E005E3DF7 /* MasterViewController.m in Sources */ = {isa = PBXBuildFile; fileRef = 575F31141FACBA4E005E3DF7 /* MasterViewController.m */; };
		575F31181FACBA4E005E3DF7 /* DetailViewController.m in Sources */ = {isa = PBXBuildFile; fileRef = 575F31171FACBA4E005E3DF7 /* DetailViewController.m */; };
		575F311B1FACBA4E005E3DF7 /* Main.storyboard in Resources */ = {isa = PBXBuildFile; fileRef = 575F31191FACBA4E005E3DF7 /* Main.storyboard */; };
		575F311D1FACBA4E005E3DF7 /* Assets.xcassets in Resources */ = {isa = PBXBuildFile; fileRef = 575F311C1FACBA4E005E3DF7 /* Assets.xcassets */; };
		575F31201FACBA4E005E3DF7 /* LaunchScreen.storyboard in Resources */ = {isa = PBXBuildFile; fileRef = 575F311E1FACBA4E005E3DF7 /* LaunchScreen.storyboard */; };
		575F31231FACBA4E005E3DF7 /* main.m in Sources */ = {isa = PBXBuildFile; fileRef = 575F31221FACBA4E005E3DF7 /* main.m */; };
		575F312D1FACBA4F005E3DF7 /* MedableImageListTests.m in Sources */ = {isa = PBXBuildFile; fileRef = 575F312C1FACBA4F005E3DF7 /* MedableImageListTests.m */; };
		575F31381FACBA4F005E3DF7 /* MedableImageListUITests.m in Sources */ = {isa = PBXBuildFile; fileRef = 575F31371FACBA4F005E3DF7 /* MedableImageListUITests.m */; };
		575F31471FACF14A005E3DF7 /* ImageTableViewCell.m in Sources */ = {isa = PBXBuildFile; fileRef = 575F31461FACF14A005E3DF7 /* ImageTableViewCell.m */; };
/* End PBXBuildFile section */

/* Begin PBXContainerItemProxy section */
		575F31291FACBA4F005E3DF7 /* PBXContainerItemProxy */ = {
			isa = PBXContainerItemProxy;
			containerPortal = 575F31051FACBA4E005E3DF7 /* Project object */;
			proxyType = 1;
			remoteGlobalIDString = 575F310C1FACBA4E005E3DF7;
			remoteInfo = MedableImageList;
		};
		575F31341FACBA4F005E3DF7 /* PBXContainerItemProxy */ = {
			isa = PBXContainerItemProxy;
			containerPortal = 575F31051FACBA4E005E3DF7 /* Project object */;
			proxyType = 1;
			remoteGlobalIDString = 575F310C1FACBA4E005E3DF7;
			remoteInfo = MedableImageList;
		};
/* End PBXContainerItemProxy section */

/* Begin PBXFileReference section */
		575F310D1FACBA4E005E3DF7 /* MedableImageList.app */ = {isa = PBXFileReference; explicitFileType = wrapper.application; includeInIndex = 0; path = MedableImageList.app; sourceTree = BUILT_PRODUCTS_DIR; };
		575F31101FACBA4E005E3DF7 /* AppDelegate.h */ = {isa = PBXFileReference; lastKnownFileType = sourcecode.c.h; path = AppDelegate.h; sourceTree = "<group>"; };
		575F31111FACBA4E005E3DF7 /* AppDelegate.m */ = {isa = PBXFileReference; lastKnownFileType = sourcecode.c.objc; path = AppDelegate.m; sourceTree = "<group>"; };
		575F31131FACBA4E005E3DF7 /* MasterViewController.h */ = {isa = PBXFileReference; lastKnownFileType = sourcecode.c.h; path = MasterViewController.h; sourceTree = "<group>"; };
		575F31141FACBA4E005E3DF7 /* MasterViewController.m */ = {isa = PBXFileReference; lastKnownFileType = sourcecode.c.objc; path = MasterViewController.m; sourceTree = "<group>"; };
		575F31161FACBA4E005E3DF7 /* DetailViewController.h */ = {isa = PBXFileReference; lastKnownFileType = sourcecode.c.h; path = DetailViewController.h; sourceTree = "<group>"; };
		575F31171FACBA4E005E3DF7 /* DetailViewController.m */ = {isa = PBXFileReference; lastKnownFileType = sourcecode.c.objc; path = DetailViewController.m; sourceTree = "<group>"; };
		575F311A1FACBA4E005E3DF7 /* Base */ = {isa = PBXFileReference; lastKnownFileType = file.storyboard; name = Base; path = Base.lproj/Main.storyboard; sourceTree = "<group>"; };
		575F311C1FACBA4E005E3DF7 /* Assets.xcassets */ = {isa = PBXFileReference; lastKnownFileType = folder.assetcatalog; path = Assets.xcassets; sourceTree = "<group>"; };
		575F311F1FACBA4E005E3DF7 /* Base */ = {isa = PBXFileReference; lastKnownFileType = file.storyboard; name = Base; path = Base.lproj/LaunchScreen.storyboard; sourceTree = "<group>"; };
		575F31211FACBA4E005E3DF7 /* Info.plist */ = {isa = PBXFileReference; lastKnownFileType = text.plist.xml; path = Info.plist; sourceTree = "<group>"; };
		575F31221FACBA4E005E3DF7 /* main.m */ = {isa = PBXFileReference; lastKnownFileType = sourcecode.c.objc; path = main.m; sourceTree = "<group>"; };
		575F31281FACBA4F005E3DF7 /* MedableImageListTests.xctest */ = {isa = PBXFileReference; explicitFileType = wrapper.cfbundle; includeInIndex = 0; path = MedableImageListTests.xctest; sourceTree = BUILT_PRODUCTS_DIR; };
		575F312C1FACBA4F005E3DF7 /* MedableImageListTests.m */ = {isa = PBXFileReference; lastKnownFileType = sourcecode.c.objc; path = MedableImageListTests.m; sourceTree = "<group>"; };
		575F312E1FACBA4F005E3DF7 /* Info.plist */ = {isa = PBXFileReference; lastKnownFileType = text.plist.xml; path = Info.plist; sourceTree = "<group>"; };
		575F31331FACBA4F005E3DF7 /* MedableImageListUITests.xctest */ = {isa = PBXFileReference; explicitFileType = wrapper.cfbundle; includeInIndex = 0; path = MedableImageListUITests.xctest; sourceTree = BUILT_PRODUCTS_DIR; };
		575F31371FACBA4F005E3DF7 /* MedableImageListUITests.m */ = {isa = PBXFileReference; lastKnownFileType = sourcecode.c.objc; path = MedableImageListUITests.m; sourceTree = "<group>"; };
		575F31391FACBA4F005E3DF7 /* Info.plist */ = {isa = PBXFileReference; lastKnownFileType = text.plist.xml; path = Info.plist; sourceTree = "<group>"; };
		575F31451FACF14A005E3DF7 /* ImageTableViewCell.h */ = {isa = PBXFileReference; lastKnownFileType = sourcecode.c.h; path = ImageTableViewCell.h; sourceTree = "<group>"; };
		575F31461FACF14A005E3DF7 /* ImageTableViewCell.m */ = {isa = PBXFileReference; lastKnownFileType = sourcecode.c.objc; path = ImageTableViewCell.m; sourceTree = "<group>"; };
		57D207FE1FAF100700FA1442 /* din-1451-ef-mittel-neu-1361534755.ttf */ = {isa = PBXFileReference; lastKnownFileType = file; path = "din-1451-ef-mittel-neu-1361534755.ttf"; sourceTree = "<group>"; };
/* End PBXFileReference section */

/* Begin PBXFrameworksBuildPhase section */
		575F310A1FACBA4E005E3DF7 /* Frameworks */ = {
			isa = PBXFrameworksBuildPhase;
			buildActionMask = 2147483647;
			files = (
			);
			runOnlyForDeploymentPostprocessing = 0;
		};
		575F31251FACBA4F005E3DF7 /* Frameworks */ = {
			isa = PBXFrameworksBuildPhase;
			buildActionMask = 2147483647;
			files = (
			);
			runOnlyForDeploymentPostprocessing = 0;
		};
		575F31301FACBA4F005E3DF7 /* Frameworks */ = {
			isa = PBXFrameworksBuildPhase;
			buildActionMask = 2147483647;
			files = (
			);
			runOnlyForDeploymentPostprocessing = 0;
		};
/* End PBXFrameworksBuildPhase section */

/* Begin PBXGroup section */
		575F31041FACBA4E005E3DF7 = {
			isa = PBXGroup;
			children = (
				575F310F1FACBA4E005E3DF7 /* MedableImageList */,
				575F312B1FACBA4F005E3DF7 /* MedableImageListTests */,
				575F31361FACBA4F005E3DF7 /* MedableImageListUITests */,
				575F310E1FACBA4E005E3DF7 /* Products */,
				57D207FD1FAF100700FA1442 /* fonts */,
			);
			sourceTree = "<group>";
		};
		575F310E1FACBA4E005E3DF7 /* Products */ = {
			isa = PBXGroup;
			children = (
				575F310D1FACBA4E005E3DF7 /* MedableImageList.app */,
				575F31281FACBA4F005E3DF7 /* MedableImageListTests.xctest */,
				575F31331FACBA4F005E3DF7 /* MedableImageListUITests.xctest */,
			);
			name = Products;
			sourceTree = "<group>";
		};
		575F310F1FACBA4E005E3DF7 /* MedableImageList */ = {
			isa = PBXGroup;
			children = (
				575F31101FACBA4E005E3DF7 /* AppDelegate.h */,
				575F31111FACBA4E005E3DF7 /* AppDelegate.m */,
				575F31131FACBA4E005E3DF7 /* MasterViewController.h */,
				575F31141FACBA4E005E3DF7 /* MasterViewController.m */,
				575F31161FACBA4E005E3DF7 /* DetailViewController.h */,
				575F31171FACBA4E005E3DF7 /* DetailViewController.m */,
				575F31191FACBA4E005E3DF7 /* Main.storyboard */,
				575F31451FACF14A005E3DF7 /* ImageTableViewCell.h */,
				575F31461FACF14A005E3DF7 /* ImageTableViewCell.m */,
				575F311C1FACBA4E005E3DF7 /* Assets.xcassets */,
				575F311E1FACBA4E005E3DF7 /* LaunchScreen.storyboard */,
				575F31211FACBA4E005E3DF7 /* Info.plist */,
				575F31221FACBA4E005E3DF7 /* main.m */,
			);
			path = MedableImageList;
			sourceTree = "<group>";
		};
		575F312B1FACBA4F005E3DF7 /* MedableImageListTests */ = {
			isa = PBXGroup;
			children = (
				575F312C1FACBA4F005E3DF7 /* MedableImageListTests.m */,
				575F312E1FACBA4F005E3DF7 /* Info.plist */,
			);
			path = MedableImageListTests;
			sourceTree = "<group>";
		};
		575F31361FACBA4F005E3DF7 /* MedableImageListUITests */ = {
			isa = PBXGroup;
			children = (
				575F31371FACBA4F005E3DF7 /* MedableImageListUITests.m */,
				575F31391FACBA4F005E3DF7 /* Info.plist */,
			);
			path = MedableImageListUITests;
			sourceTree = "<group>";
		};
		57D207FD1FAF100700FA1442 /* fonts */ = {
			isa = PBXGroup;
			children = (
				57D207FE1FAF100700FA1442 /* din-1451-ef-mittel-neu-1361534755.ttf */,
			);
			path = fonts;
			sourceTree = "<group>";
		};
/* End PBXGroup section */

/* Begin PBXNativeTarget section */
		575F310C1FACBA4E005E3DF7 /* MedableImageList */ = {
			isa = PBXNativeTarget;
			buildConfigurationList = 575F313C1FACBA4F005E3DF7 /* Build configuration list for PBXNativeTarget "MedableImageList" */;
			buildPhases = (
				575F31091FACBA4E005E3DF7 /* Sources */,
				575F310A1FACBA4E005E3DF7 /* Frameworks */,
				575F310B1FACBA4E005E3DF7 /* Resources */,
			);
			buildRules = (
			);
			dependencies = (
			);
			name = MedableImageList;
			productName = MedableImageList;
			productReference = 575F310D1FACBA4E005E3DF7 /* MedableImageList.app */;
			productType = "com.apple.product-type.application";
		};
		575F31271FACBA4F005E3DF7 /* MedableImageListTests */ = {
			isa = PBXNativeTarget;
			buildConfigurationList = 575F313F1FACBA4F005E3DF7 /* Build configuration list for PBXNativeTarget "MedableImageListTests" */;
			buildPhases = (
				575F31241FACBA4F005E3DF7 /* Sources */,
				575F31251FACBA4F005E3DF7 /* Frameworks */,
				575F31261FACBA4F005E3DF7 /* Resources */,
			);
			buildRules = (
			);
			dependencies = (
				575F312A1FACBA4F005E3DF7 /* PBXTargetDependency */,
			);
			name = MedableImageListTests;
			productName = MedableImageListTests;
			productReference = 575F31281FACBA4F005E3DF7 /* MedableImageListTests.xctest */;
			productType = "com.apple.product-type.bundle.unit-test";
		};
		575F31321FACBA4F005E3DF7 /* MedableImageListUITests */ = {
			isa = PBXNativeTarget;
			buildConfigurationList = 575F31421FACBA4F005E3DF7 /* Build configuration list for PBXNativeTarget "MedableImageListUITests" */;
			buildPhases = (
				575F312F1FACBA4F005E3DF7 /* Sources */,
				575F31301FACBA4F005E3DF7 /* Frameworks */,
				575F31311FACBA4F005E3DF7 /* Resources */,
			);
			buildRules = (
			);
			dependencies = (
				575F31351FACBA4F005E3DF7 /* PBXTargetDependency */,
			);
			name = MedableImageListUITests;
			productName = MedableImageListUITests;
			productReference = 575F31331FACBA4F005E3DF7 /* MedableImageListUITests.xctest */;
			productType = "com.apple.product-type.bundle.ui-testing";
		};
/* End PBXNativeTarget section */

/* Begin PBXProject section */
		575F31051FACBA4E005E3DF7 /* Project object */ = {
			isa = PBXProject;
			attributes = {
				LastUpgradeCheck = 0900;
				ORGANIZATIONNAME = "Fiachra Matthews";
				TargetAttributes = {
					575F310C1FACBA4E005E3DF7 = {
						CreatedOnToolsVersion = 9.0;
						ProvisioningStyle = Automatic;
					};
					575F31271FACBA4F005E3DF7 = {
						CreatedOnToolsVersion = 9.0;
						ProvisioningStyle = Automatic;
						TestTargetID = 575F310C1FACBA4E005E3DF7;
					};
					575F31321FACBA4F005E3DF7 = {
						CreatedOnToolsVersion = 9.0;
						ProvisioningStyle = Automatic;
						TestTargetID = 575F310C1FACBA4E005E3DF7;
					};
				};
			};
			buildConfigurationList = 575F31081FACBA4E005E3DF7 /* Build configuration list for PBXProject "MedableImageList" */;
			compatibilityVersion = "Xcode 8.0";
			developmentRegion = en;
			hasScannedForEncodings = 0;
			knownRegions = (
				en,
				Base,
			);
			mainGroup = 575F31041FACBA4E005E3DF7;
			productRefGroup = 575F310E1FACBA4E005E3DF7 /* Products */;
			projectDirPath = "";
			projectRoot = "";
			targets = (
				575F310C1FACBA4E005E3DF7 /* MedableImageList */,
				575F31271FACBA4F005E3DF7 /* MedableImageListTests */,
				575F31321FACBA4F005E3DF7 /* MedableImageListUITests */,
			);
		};
/* End PBXProject section */

/* Begin PBXResourcesBuildPhase section */
		575F310B1FACBA4E005E3DF7 /* Resources */ = {
			isa = PBXResourcesBuildPhase;
			buildActionMask = 2147483647;
			files = (
				575F31201FACBA4E005E3DF7 /* LaunchScreen.storyboard in Resources */,
				575F311D1FACBA4E005E3DF7 /* Assets.xcassets in Resources */,
				575F311B1FACBA4E005E3DF7 /* Main.storyboard in Resources */,
			);
			runOnlyForDeploymentPostprocessing = 0;
		};
		575F31261FACBA4F005E3DF7 /* Resources */ = {
			isa = PBXResourcesBuildPhase;
			buildActionMask = 2147483647;
			files = (
			);
			runOnlyForDeploymentPostprocessing = 0;
		};
		575F31311FACBA4F005E3DF7 /* Resources */ = {
			isa = PBXResourcesBuildPhase;
			buildActionMask = 2147483647;
			files = (
			);
			runOnlyForDeploymentPostprocessing = 0;
		};
/* End PBXResourcesBuildPhase section */

/* Begin PBXSourcesBuildPhase section */
		575F31091FACBA4E005E3DF7 /* Sources */ = {
			isa = PBXSourcesBuildPhase;
			buildActionMask = 2147483647;
			files = (
				575F31151FACBA4E005E3DF7 /* MasterViewController.m in Sources */,
				575F31121FACBA4E005E3DF7 /* AppDelegate.m in Sources */,
				575F31471FACF14A005E3DF7 /* ImageTableViewCell.m in Sources */,
				575F31231FACBA4E005E3DF7 /* main.m in Sources */,
				575F31181FACBA4E005E3DF7 /* DetailViewController.m in Sources */,
			);
			runOnlyForDeploymentPostprocessing = 0;
		};
		575F31241FACBA4F005E3DF7 /* Sources */ = {
			isa = PBXSourcesBuildPhase;
			buildActionMask = 2147483647;
			files = (
				575F312D1FACBA4F005E3DF7 /* MedableImageListTests.m in Sources */,
			);
			runOnlyForDeploymentPostprocessing = 0;
		};
		575F312F1FACBA4F005E3DF7 /* Sources */ = {
			isa = PBXSourcesBuildPhase;
			buildActionMask = 2147483647;
			files = (
				575F31381FACBA4F005E3DF7 /* MedableImageListUITests.m in Sources */,
			);
			runOnlyForDeploymentPostprocessing = 0;
		};
/* End PBXSourcesBuildPhase section */

/* Begin PBXTargetDependency section */
		575F312A1FACBA4F005E3DF7 /* PBXTargetDependency */ = {
			isa = PBXTargetDependency;
			target = 575F310C1FACBA4E005E3DF7 /* MedableImageList */;
			targetProxy = 575F31291FACBA4F005E3DF7 /* PBXContainerItemProxy */;
		};
		575F31351FACBA4F005E3DF7 /* PBXTargetDependency */ = {
			isa = PBXTargetDependency;
			target = 575F310C1FACBA4E005E3DF7 /* MedableImageList */;
			targetProxy = 575F31341FACBA4F005E3DF7 /* PBXContainerItemProxy */;
		};
/* End PBXTargetDependency section */

/* Begin PBXVariantGroup section */
		575F31191FACBA4E005E3DF7 /* Main.storyboard */ = {
			isa = PBXVariantGroup;
			children = (
				575F311A1FACBA4E005E3DF7 /* Base */,
			);
			name = Main.storyboard;
			sourceTree = "<group>";
		};
		575F311E1FACBA4E005E3DF7 /* LaunchScreen.storyboard */ = {
			isa = PBXVariantGroup;
			children = (
				575F311F1FACBA4E005E3DF7 /* Base */,
			);
			name = LaunchScreen.storyboard;
			sourceTree = "<group>";
		};
/* End PBXVariantGroup section */

/* Begin XCBuildConfiguration section */
		575F313A1FACBA4F005E3DF7 /* Debug */ = {
			isa = XCBuildConfiguration;
			buildSettings = {
				ALWAYS_SEARCH_USER_PATHS = NO;
				CLANG_ANALYZER_NONNULL = YES;
				CLANG_ANALYZER_NUMBER_OBJECT_CONVERSION = YES_AGGRESSIVE;
				CLANG_CXX_LANGUAGE_STANDARD = "gnu++14";
				CLANG_CXX_LIBRARY = "libc++";
				CLANG_ENABLE_MODULES = YES;
				CLANG_ENABLE_OBJC_ARC = YES;
				CLANG_WARN_BLOCK_CAPTURE_AUTORELEASING = YES;
				CLANG_WARN_BOOL_CONVERSION = YES;
				CLANG_WARN_COMMA = YES;
				CLANG_WARN_CONSTANT_CONVERSION = YES;
				CLANG_WARN_DIRECT_OBJC_ISA_USAGE = YES_ERROR;
				CLANG_WARN_DOCUMENTATION_COMMENTS = YES;
				CLANG_WARN_EMPTY_BODY = YES;
				CLANG_WARN_ENUM_CONVERSION = YES;
				CLANG_WARN_INFINITE_RECURSION = YES;
				CLANG_WARN_INT_CONVERSION = YES;
				CLANG_WARN_NON_LITERAL_NULL_CONVERSION = YES;
				CLANG_WARN_OBJC_LITERAL_CONVERSION = YES;
				CLANG_WARN_OBJC_ROOT_CLASS = YES_ERROR;
				CLANG_WARN_RANGE_LOOP_ANALYSIS = YES;
				CLANG_WARN_STRICT_PROTOTYPES = YES;
				CLANG_WARN_SUSPICIOUS_MOVE = YES;
				CLANG_WARN_UNGUARDED_AVAILABILITY = YES_AGGRESSIVE;
				CLANG_WARN_UNREACHABLE_CODE = YES;
				CLANG_WARN__DUPLICATE_METHOD_MATCH = YES;
				CODE_SIGN_IDENTITY = "iPhone Developer";
				COPY_PHASE_STRIP = NO;
				DEBUG_INFORMATION_FORMAT = dwarf;
				ENABLE_STRICT_OBJC_MSGSEND = YES;
				ENABLE_TESTABILITY = YES;
				GCC_C_LANGUAGE_STANDARD = gnu11;
				GCC_DYNAMIC_NO_PIC = NO;
				GCC_NO_COMMON_BLOCKS = YES;
				GCC_OPTIMIZATION_LEVEL = 0;
				GCC_PREPROCESSOR_DEFINITIONS = (
					"DEBUG=1",
					"$(inherited)",
				);
				GCC_WARN_64_TO_32_BIT_CONVERSION = YES;
				GCC_WARN_ABOUT_RETURN_TYPE = YES_ERROR;
				GCC_WARN_UNDECLARED_SELECTOR = YES;
				GCC_WARN_UNINITIALIZED_AUTOS = YES_AGGRESSIVE;
				GCC_WARN_UNUSED_FUNCTION = YES;
				GCC_WARN_UNUSED_VARIABLE = YES;
				IPHONEOS_DEPLOYMENT_TARGET = 11.0;
				MTL_ENABLE_DEBUG_INFO = YES;
				ONLY_ACTIVE_ARCH = YES;
				SDKROOT = iphoneos;
			};
			name = Debug;
		};
		575F313B1FACBA4F005E3DF7 /* Release */ = {
			isa = XCBuildConfiguration;
			buildSettings = {
				ALWAYS_SEARCH_USER_PATHS = NO;
				CLANG_ANALYZER_NONNULL = YES;
				CLANG_ANALYZER_NUMBER_OBJECT_CONVERSION = YES_AGGRESSIVE;
				CLANG_CXX_LANGUAGE_STANDARD = "gnu++14";
				CLANG_CXX_LIBRARY = "libc++";
				CLANG_ENABLE_MODULES = YES;
				CLANG_ENABLE_OBJC_ARC = YES;
				CLANG_WARN_BLOCK_CAPTURE_AUTORELEASING = YES;
				CLANG_WARN_BOOL_CONVERSION = YES;
				CLANG_WARN_COMMA = YES;
				CLANG_WARN_CONSTANT_CONVERSION = YES;
				CLANG_WARN_DIRECT_OBJC_ISA_USAGE = YES_ERROR;
				CLANG_WARN_DOCUMENTATION_COMMENTS = YES;
				CLANG_WARN_EMPTY_BODY = YES;
				CLANG_WARN_ENUM_CONVERSION = YES;
				CLANG_WARN_INFINITE_RECURSION = YES;
				CLANG_WARN_INT_CONVERSION = YES;
				CLANG_WARN_NON_LITERAL_NULL_CONVERSION = YES;
				CLANG_WARN_OBJC_LITERAL_CONVERSION = YES;
				CLANG_WARN_OBJC_ROOT_CLASS = YES_ERROR;
				CLANG_WARN_RANGE_LOOP_ANALYSIS = YES;
				CLANG_WARN_STRICT_PROTOTYPES = YES;
				CLANG_WARN_SUSPICIOUS_MOVE = YES;
				CLANG_WARN_UNGUARDED_AVAILABILITY = YES_AGGRESSIVE;
				CLANG_WARN_UNREACHABLE_CODE = YES;
				CLANG_WARN__DUPLICATE_METHOD_MATCH = YES;
				CODE_SIGN_IDENTITY = "iPhone Developer";
				COPY_PHASE_STRIP = NO;
				DEBUG_INFORMATION_FORMAT = "dwarf-with-dsym";
				ENABLE_NS_ASSERTIONS = NO;
				ENABLE_STRICT_OBJC_MSGSEND = YES;
				GCC_C_LANGUAGE_STANDARD = gnu11;
				GCC_NO_COMMON_BLOCKS = YES;
				GCC_WARN_64_TO_32_BIT_CONVERSION = YES;
				GCC_WARN_ABOUT_RETURN_TYPE = YES_ERROR;
				GCC_WARN_UNDECLARED_SELECTOR = YES;
				GCC_WARN_UNINITIALIZED_AUTOS = YES_AGGRESSIVE;
				GCC_WARN_UNUSED_FUNCTION = YES;
				GCC_WARN_UNUSED_VARIABLE = YES;
				IPHONEOS_DEPLOYMENT_TARGET = 11.0;
				MTL_ENABLE_DEBUG_INFO = NO;
				SDKROOT = iphoneos;
				VALIDATE_PRODUCT = YES;
			};
			name = Release;
		};
		575F313D1FACBA4F005E3DF7 /* Debug */ = {
			isa = XCBuildConfiguration;
			buildSettings = {
				ASSETCATALOG_COMPILER_APPICON_NAME = AppIcon;
				CODE_SIGN_STYLE = Automatic;
				DEVELOPMENT_TEAM = XVVB6WUC77;
				INFOPLIST_FILE = MedableImageList/Info.plist;
				LD_RUNPATH_SEARCH_PATHS = "$(inherited) @executable_path/Frameworks";
				PRODUCT_BUNDLE_IDENTIFIER = none.MedableImageList;
				PRODUCT_NAME = "$(TARGET_NAME)";
				TARGETED_DEVICE_FAMILY = "1,2";
			};
			name = Debug;
		};
		575F313E1FACBA4F005E3DF7 /* Release */ = {
			isa = XCBuildConfiguration;
			buildSettings = {
				ASSETCATALOG_COMPILER_APPICON_NAME = AppIcon;
				CODE_SIGN_STYLE = Automatic;
				DEVELOPMENT_TEAM = XVVB6WUC77;
				INFOPLIST_FILE = MedableImageList/Info.plist;
				LD_RUNPATH_SEARCH_PATHS = "$(inherited) @executable_path/Frameworks";
				PRODUCT_BUNDLE_IDENTIFIER = none.MedableImageList;
				PRODUCT_NAME = "$(TARGET_NAME)";
				TARGETED_DEVICE_FAMILY = "1,2";
			};
			name = Release;
		};
		575F31401FACBA4F005E3DF7 /* Debug */ = {
			isa = XCBuildConfiguration;
			buildSettings = {
				BUNDLE_LOADER = "$(TEST_HOST)";
				CODE_SIGN_STYLE = Automatic;
				DEVELOPMENT_TEAM = XVVB6WUC77;
				INFOPLIST_FILE = MedableImageListTests/Info.plist;
				LD_RUNPATH_SEARCH_PATHS = "$(inherited) @executable_path/Frameworks @loader_path/Frameworks";
				PRODUCT_BUNDLE_IDENTIFIER = none.MedableImageListTests;
				PRODUCT_NAME = "$(TARGET_NAME)";
				TARGETED_DEVICE_FAMILY = "1,2";
				TEST_HOST = "$(BUILT_PRODUCTS_DIR)/MedableImageList.app/MedableImageList";
			};
			name = Debug;
		};
		575F31411FACBA4F005E3DF7 /* Release */ = {
			isa = XCBuildConfiguration;
			buildSettings = {
				BUNDLE_LOADER = "$(TEST_HOST)";
				CODE_SIGN_STYLE = Automatic;
				DEVELOPMENT_TEAM = XVVB6WUC77;
				INFOPLIST_FILE = MedableImageListTests/Info.plist;
				LD_RUNPATH_SEARCH_PATHS = "$(inherited) @executable_path/Frameworks @loader_path/Frameworks";
				PRODUCT_BUNDLE_IDENTIFIER = none.MedableImageListTests;
				PRODUCT_NAME = "$(TARGET_NAME)";
				TARGETED_DEVICE_FAMILY = "1,2";
				TEST_HOST = "$(BUILT_PRODUCTS_DIR)/MedableImageList.app/MedableImageList";
			};
			name = Release;
		};
		575F31431FACBA4F005E3DF7 /* Debug */ = {
			isa = XCBuildConfiguration;
			buildSettings = {
				CODE_SIGN_STYLE = Automatic;
				DEVELOPMENT_TEAM = XVVB6WUC77;
				INFOPLIST_FILE = MedableImageListUITests/Info.plist;
				LD_RUNPATH_SEARCH_PATHS = "$(inherited) @executable_path/Frameworks @loader_path/Frameworks";
				PRODUCT_BUNDLE_IDENTIFIER = none.MedableImageListUITests;
				PRODUCT_NAME = "$(TARGET_NAME)";
				TARGETED_DEVICE_FAMILY = "1,2";
				TEST_TARGET_NAME = MedableImageList;
			};
			name = Debug;
		};
		575F31441FACBA4F005E3DF7 /* Release */ = {
			isa = XCBuildConfiguration;
			buildSettings = {
				CODE_SIGN_STYLE = Automatic;
				DEVELOPMENT_TEAM = XVVB6WUC77;
				INFOPLIST_FILE = MedableImageListUITests/Info.plist;
				LD_RUNPATH_SEARCH_PATHS = "$(inherited) @executable_path/Frameworks @loader_path/Frameworks";
				PRODUCT_BUNDLE_IDENTIFIER = none.MedableImageListUITests;
				PRODUCT_NAME = "$(TARGET_NAME)";
				TARGETED_DEVICE_FAMILY = "1,2";
				TEST_TARGET_NAME = MedableImageList;
			};
			name = Release;
		};
/* End XCBuildConfiguration section */

/* Begin XCConfigurationList section */
		575F31081FACBA4E005E3DF7 /* Build configuration list for PBXProject "MedableImageList" */ = {
			isa = XCConfigurationList;
			buildConfigurations = (
				575F313A1FACBA4F005E3DF7 /* Debug */,
				575F313B1FACBA4F005E3DF7 /* Release */,
			);
			defaultConfigurationIsVisible = 0;
			defaultConfigurationName = Release;
		};
		575F313C1FACBA4F005E3DF7 /* Build configuration list for PBXNativeTarget "MedableImageList" */ = {
			isa = XCConfigurationList;
			buildConfigurations = (
				575F313D1FACBA4F005E3DF7 /* Debug */,
				575F313E1FACBA4F005E3DF7 /* Release */,
			);
			defaultConfigurationIsVisible = 0;
			defaultConfigurationName = Release;
		};
		575F313F1FACBA4F005E3DF7 /* Build configuration list for PBXNativeTarget "MedableImageListTests" */ = {
			isa = XCConfigurationList;
			buildConfigurations = (
				575F31401FACBA4F005E3DF7 /* Debug */,
				575F31411FACBA4F005E3DF7 /* Release */,
			);
			defaultConfigurationIsVisible = 0;
			defaultConfigurationName = Release;
		};
		575F31421FACBA4F005E3DF7 /* Build configuration list for PBXNativeTarget "MedableImageListUITests" */ = {
			isa = XCConfigurationList;
			buildConfigurations = (
				575F31431FACBA4F005E3DF7 /* Debug */,
				575F31441FACBA4F005E3DF7 /* Release */,
			);
			defaultConfigurationIsVisible = 0;
			defaultConfigurationName = Release;
		};
/* End XCConfigurationList section */
	};
	rootObject = 575F31051FACBA4E005E3DF7 /* Project object */;
}
